
Microsoft Visual Studio Solution File, Format Version 12.00
# Visual Studio Version 17
VisualStudioVersion = 17.14.36518.9 d17.14
MinimumVisualStudioVersion = 10.0.40219.1
Project("{8BC9CEB8-8B4A-11D0-8D11-00A0C91BC942}") = "test.11.11", "test.11.11\test.11.11.vcxproj", "{C64A38DF-982B-48A2-BD10-F72326E0A690}"
EndProject
Global
	GlobalSection(SolutionConfigurationPlatforms) = preSolution
		Debug|x64 = Debug|x64
		Debug|x86 = Debug|x86
		Release|x64 = Release|x64
		Release|x86 = Release|x86
	EndGlobalSection
	GlobalSection(ProjectConfigurationPlatforms) = postSolution
		{C64A38DF-982B-48A2-BD10-F72326E0A690}.Debug|x64.ActiveCfg = Debug|x64
		{C64A38DF-982B-48A2-BD10-F72326E0A690}.Debug|x64.Build.0 = Debug|x64
		{C64A38DF-982B-48A2-BD10-F72326E0A690}.Debug|x86.ActiveCfg = Debug|Win32
		{C64A38DF-982B-48A2-BD10-F72326E0A690}.Debug|x86.Build.0 = Debug|Win32
		{C64A38DF-982B-48A2-BD10-F72326E0A690}.Release|x64.ActiveCfg = Release|x64
		{C64A38DF-982B-48A2-BD10-F72326E0A690}.Release|x64.Build.0 = Release|x64
		{C64A38DF-982B-48A2-BD10-F72326E0A690}.Release|x86.ActiveCfg = Release|Win32
		{C64A38DF-982B-48A2-BD10-F72326E0A690}.Release|x86.Build.0 = Release|Win32
	EndGlobalSection
	GlobalSection(SolutionProperties) = preSolution
		HideSolutionNode = FALSE
	EndGlobalSection
	GlobalSection(ExtensibilityGlobals) = postSolution
		SolutionGuid = {63FCB1F0-E71C-4355-9585-A3DA1BA6C3B7}
	EndGlobalSection
EndGlobal
