
Microsoft Visual Studio Solution File, Format Version 12.00
# Visual Studio Version 17
VisualStudioVersion = 17.14.36518.9 d17.14
MinimumVisualStudioVersion = 10.0.40219.1
Project("{8BC9CEB8-8B4A-11D0-8D11-00A0C91BC942}") = "game.c", "game.c\game.c.vcxproj", "{60D7DB62-6B29-491F-B4E2-8720713ABF00}"
EndProject
Global
	GlobalSection(SolutionConfigurationPlatforms) = preSolution
		Debug|x64 = Debug|x64
		Debug|x86 = Debug|x86
		Release|x64 = Release|x64
		Release|x86 = Release|x86
	EndGlobalSection
	GlobalSection(ProjectConfigurationPlatforms) = postSolution
		{60D7DB62-6B29-491F-B4E2-8720713ABF00}.Debug|x64.ActiveCfg = Debug|x64
		{60D7DB62-6B29-491F-B4E2-8720713ABF00}.Debug|x64.Build.0 = Debug|x64
		{60D7DB62-6B29-491F-B4E2-8720713ABF00}.Debug|x86.ActiveCfg = Debug|Win32
		{60D7DB62-6B29-491F-B4E2-8720713ABF00}.Debug|x86.Build.0 = Debug|Win32
		{60D7DB62-6B29-491F-B4E2-8720713ABF00}.Release|x64.ActiveCfg = Release|x64
		{60D7DB62-6B29-491F-B4E2-8720713ABF00}.Release|x64.Build.0 = Release|x64
		{60D7DB62-6B29-491F-B4E2-8720713ABF00}.Release|x86.ActiveCfg = Release|Win32
		{60D7DB62-6B29-491F-B4E2-8720713ABF00}.Release|x86.Build.0 = Release|Win32
	EndGlobalSection
	GlobalSection(SolutionProperties) = preSolution
		HideSolutionNode = FALSE
	EndGlobalSection
	GlobalSection(ExtensibilityGlobals) = postSolution
		SolutionGuid = {03CCE2E3-4EC8-4E46-8FEA-9F9B13132F3B}
	EndGlobalSection
EndGlobal
